
Microsoft Visual Studio Solution File, Format Version 12.00
# Visual Studio Version 17
VisualStudioVersion = 17.2.32602.215
MinimumVisualStudioVersion = 10.0.40219.1
Project("{9A19103F-16F7-4668-BE54-9A1E7A4F7556}") = "ACL", "ACL\ACL.csproj", "{E78AA8D5-602E-4093-B699-10F9997493C4}"
EndProject
Global
	GlobalSection(SolutionConfigurationPlatforms) = preSolution
		Debug|Any CPU = Debug|Any CPU
		Release|Any CPU = Release|Any CPU
	EndGlobalSection
	GlobalSection(ProjectConfigurationPlatforms) = postSolution
		{E78AA8D5-602E-4093-B699-10F9997493C4}.Debug|Any CPU.ActiveCfg = Debug|Any CPU
		{E78AA8D5-602E-4093-B699-10F9997493C4}.Debug|Any CPU.Build.0 = Debug|Any CPU
		{E78AA8D5-602E-4093-B699-10F9997493C4}.Release|Any CPU.ActiveCfg = Release|Any CPU
		{E78AA8D5-602E-4093-B699-10F9997493C4}.Release|Any CPU.Build.0 = Release|Any CPU
	EndGlobalSection
	GlobalSection(SolutionProperties) = preSolution
		HideSolutionNode = FALSE
	EndGlobalSection
	GlobalSection(ExtensibilityGlobals) = postSolution
		SolutionGuid = {30B9AD0A-232D-4F26-9AD3-CB24B9CAC53D}
	EndGlobalSection
EndGlobal
